
Microsoft Visual Studio Solution File, Format Version 12.00
# Visual Studio Express 2012 for Windows Desktop
Project("{FAE04EC0-301F-11D3-BF4B-00C04F79EFBC}") = "RushHour", "RushHour\RushHour.csproj", "{DE14812B-22C3-4DAA-B6DD-640437B458DE}"
EndProject
Project("{FAE04EC0-301F-11D3-BF4B-00C04F79EFBC}") = "NumberOfPossibilities", "NumberOfPossibilities\NumberOfPossibilities.csproj", "{97F4EBA8-8D1C-4597-A715-493ABF681038}"
EndProject
Global
	GlobalSection(SolutionConfigurationPlatforms) = preSolution
		Debug|Any CPU = Debug|Any CPU
		Release|Any CPU = Release|Any CPU
	EndGlobalSection
	GlobalSection(ProjectConfigurationPlatforms) = postSolution
		{DE14812B-22C3-4DAA-B6DD-640437B458DE}.Debug|Any CPU.ActiveCfg = Debug|Any CPU
		{DE14812B-22C3-4DAA-B6DD-640437B458DE}.Debug|Any CPU.Build.0 = Debug|Any CPU
		{DE14812B-22C3-4DAA-B6DD-640437B458DE}.Release|Any CPU.ActiveCfg = Release|Any CPU
		{DE14812B-22C3-4DAA-B6DD-640437B458DE}.Release|Any CPU.Build.0 = Release|Any CPU
		{97F4EBA8-8D1C-4597-A715-493ABF681038}.Debug|Any CPU.ActiveCfg = Debug|Any CPU
		{97F4EBA8-8D1C-4597-A715-493ABF681038}.Debug|Any CPU.Build.0 = Debug|Any CPU
		{97F4EBA8-8D1C-4597-A715-493ABF681038}.Release|Any CPU.ActiveCfg = Release|Any CPU
		{97F4EBA8-8D1C-4597-A715-493ABF681038}.Release|Any CPU.Build.0 = Release|Any CPU
	EndGlobalSection
	GlobalSection(SolutionProperties) = preSolution
		HideSolutionNode = FALSE
	EndGlobalSection
EndGlobal
